
Microsoft Visual Studio Solution File, Format Version 12.00
# Visual Studio 15
Project("{FAE04EC0-301F-11D3-BF4B-00C04F79EFBC}") = "Assembly-CSharp", "Assembly-CSharp.csproj", "{20CE7E8B-867A-B9AE-D5F8-C6E3B46C7731}"
EndProject
Project("{FAE04EC0-301F-11D3-BF4B-00C04F79EFBC}") = "Assembly-CSharp-Editor", "Assembly-CSharp-Editor.csproj", "{C6226E55-D4BE-AB21-B78F-ACEB8EE52DD4}"
EndProject
Global
	GlobalSection(SolutionConfigurationPlatforms) = preSolution
		Debug|Any CPU = Debug|Any CPU
		Release|Any CPU = Release|Any CPU
	EndGlobalSection
	GlobalSection(ProjectConfigurationPlatforms) = postSolution
		{20CE7E8B-867A-B9AE-D5F8-C6E3B46C7731}.Debug|Any CPU.ActiveCfg = Debug|Any CPU
		{20CE7E8B-867A-B9AE-D5F8-C6E3B46C7731}.Debug|Any CPU.Build.0 = Debug|Any CPU
		{20CE7E8B-867A-B9AE-D5F8-C6E3B46C7731}.Release|Any CPU.ActiveCfg = Release|Any CPU
		{20CE7E8B-867A-B9AE-D5F8-C6E3B46C7731}.Release|Any CPU.Build.0 = Release|Any CPU
		{C6226E55-D4BE-AB21-B78F-ACEB8EE52DD4}.Debug|Any CPU.ActiveCfg = Debug|Any CPU
		{C6226E55-D4BE-AB21-B78F-ACEB8EE52DD4}.Debug|Any CPU.Build.0 = Debug|Any CPU
		{C6226E55-D4BE-AB21-B78F-ACEB8EE52DD4}.Release|Any CPU.ActiveCfg = Release|Any CPU
		{C6226E55-D4BE-AB21-B78F-ACEB8EE52DD4}.Release|Any CPU.Build.0 = Release|Any CPU
	EndGlobalSection
	GlobalSection(SolutionProperties) = preSolution
		HideSolutionNode = FALSE
	EndGlobalSection
EndGlobal
